{
  "name": "vibium-kernel-smoke-ts",
  "lockfileVersion": 3,
  "requires": true,
  "packages": {
    "": {
      "name": "vibium-kernel-smoke-ts",
      "dependencies": {
        "@onkernel/sdk": "^0.42.1",
        "vibium": "^26.3.9"
      },
      "devDependencies": {
        "@types/node": "^24.3.0",
        "typescript": "^5.9.2"
      }
    },
    "node_modules/@onkernel/sdk": {
      "version": "0.42.1",
      "resolved": "https://registry.npmjs.org/@onkernel/sdk/-/sdk-0.42.1.tgz",
      "integrity": "sha512-Xfy1RITna1RSHppfMZAiJH7PNqasty5UIaOSCvXnHxZdfZ4S7KOEwRIMQ7AGk5Oib5/bJxMRYMaQLT3SaBivTA==",
      "license": "Apache-2.0"
    },
    "node_modules/@types/node": {
      "version": "24.12.0",
      "resolved": "https://registry.npmjs.org/@types/node/-/node-24.12.0.tgz",
      "integrity": "sha512-GYDxsZi3ChgmckRT9HPU0WEhKLP08ev/Yfcq2AstjrDASOYCSXeyjDsHg4v5t4jOj7cyDX3vmprafKlWIG9MXQ==",
      "dev": true,
      "license": "MIT",
      "dependencies": {
        "undici-types": "~7.16.0"
      }
    },
    "node_modules/@vibium/darwin-arm64": {
      "version": "26.3.9",
      "resolved": "https://registry.npmjs.org/@vibium/darwin-arm64/-/darwin-arm64-26.3.9.tgz",
      "integrity": "sha512-KOyX59o9rpNCqAVDshUrnu2yWH7MA/ObumxQZOumPDkbdXBSvUBYGR/6cQw78YijHror5JD5QH2QtfTZ0g5xVQ==",
      "cpu": [
        "arm64"
      ],
      "license": "Apache-2.0",
      "optional": true,
      "os": [
        "darwin"
      ],
      "engines": {
        "node": ">=18"
      }
    },
    "node_modules/@vibium/darwin-x64": {
      "version": "26.3.9",
      "resolved": "https://registry.npmjs.org/@vibium/darwin-x64/-/darwin-x64-26.3.9.tgz",
      "integrity": "sha512-eH7LlltdKeS36PnEjC50eT+M0UtkjbEnWJ2HIhQ8H8zCkvo3zfs1SIztKrfG3c3xUMeMqynAOgS+HnJlHB1WDw==",
      "cpu": [
        "x64"
      ],
      "license": "Apache-2.0",
      "optional": true,
      "os": [
        "darwin"
      ],
      "engines": {
        "node": ">=18"
      }
    },
    "node_modules/@vibium/linux-arm64": {
      "version": "26.3.9",
      "resolved": "https://registry.npmjs.org/@vibium/linux-arm64/-/linux-arm64-26.3.9.tgz",
      "integrity": "sha512-Wk0N4Qtgnz8dhWuYYAn8qqXgIVx1zKXK6nN5/9ji7vyjMJn8w/ZqGbVuNLUK+3h0smupjMaSKbCka7jfiAG7AA==",
      "cpu": [
        "arm64"
      ],
      "license": "Apache-2.0",
      "optional": true,
      "os": [
        "linux"
      ],
      "engines": {
        "node": ">=18"
      }
    },
    "node_modules/@vibium/linux-x64": {
      "version": "26.3.9",
      "resolved": "https://registry.npmjs.org/@vibium/linux-x64/-/linux-x64-26.3.9.tgz",
      "integrity": "sha512-P/AJdRMnIoWq8Cjv+GtXQ7nySa1sPK2jNpCyZvqfnlRJJ1PIv1JOJ6y27tmicMgsZial411/UumJBF2Bw74DBQ==",
      "cpu": [
        "x64"
      ],
      "license": "Apache-2.0",
      "optional": true,
      "os": [
        "linux"
      ],
      "engines": {
        "node": ">=18"
      }
    },
    "node_modules/@vibium/win32-x64": {
      "version": "26.3.9",
      "resolved": "https://registry.npmjs.org/@vibium/win32-x64/-/win32-x64-26.3.9.tgz",
      "integrity": "sha512-UTtMHrM0v6kYZvrRsc9mC3H8pGcNtC2ZYkCl/aqFypcZKgUDikiQzwYF2Ox8na1IHK+AnAqXKKTQsxS0S+RRbw==",
      "cpu": [
        "x64"
      ],
      "license": "Apache-2.0",
      "optional": true,
      "os": [
        "win32"
      ],
      "engines": {
        "node": ">=18"
      }
    },
    "node_modules/typescript": {
      "version": "5.9.3",
      "resolved": "https://registry.npmjs.org/typescript/-/typescript-5.9.3.tgz",
      "integrity": "sha512-jl1vZzPDinLr9eUt3J/t7V6FgNEw9QjvBPdysz9KfQDD41fQrC2Y4vKQdiaUpFT4bXlb1RHhLpp8wtm6M5TgSw==",
      "dev": true,
      "license": "Apache-2.0",
      "bin": {
        "tsc": "bin/tsc",
        "tsserver": "bin/tsserver"
      },
      "engines": {
        "node": ">=14.17"
      }
    },
    "node_modules/undici-types": {
      "version": "7.16.0",
      "resolved": "https://registry.npmjs.org/undici-types/-/undici-types-7.16.0.tgz",
      "integrity": "sha512-Zz+aZWSj8LE6zoxD+xrjh4VfkIG8Ya6LvYkZqtUQGJPZjYl53ypCaUwWqo7eI0x66KBGeRo+mlBEkMSeSZ38Nw==",
      "dev": true,
      "license": "MIT"
    },
    "node_modules/vibium": {
      "version": "26.3.9",
      "resolved": "https://registry.npmjs.org/vibium/-/vibium-26.3.9.tgz",
      "integrity": "sha512-0lXRxMqcBwBMXUUhtZrs3ZkZzY9C+FJ3WMVDZc5VnDcqJfQeSOzAemiCs7uoGLUWIhk0f0Et6Yy7/HxUCUAO6g==",
      "hasInstallScript": true,
      "license": "Apache-2.0",
      "dependencies": {
        "ws": "^8.18.3"
      },
      "bin": {
        "vibium": "bin/cli.js"
      },
      "engines": {
        "node": ">=18"
      },
      "optionalDependencies": {
        "@vibium/darwin-arm64": "26.3.9",
        "@vibium/darwin-x64": "26.3.9",
        "@vibium/linux-arm64": "26.3.9",
        "@vibium/linux-x64": "26.3.9",
        "@vibium/win32-x64": "26.3.9"
      }
    },
    "node_modules/ws": {
      "version": "8.19.0",
      "resolved": "https://registry.npmjs.org/ws/-/ws-8.19.0.tgz",
      "integrity": "sha512-blAT2mjOEIi0ZzruJfIhb3nps74PRWTCz1IjglWEEpQl5XS/UNama6u2/rjFkDDouqr4L67ry+1aGIALViWjDg==",
      "license": "MIT",
      "engines": {
        "node": ">=10.0.0"
      },
      "peerDependencies": {
        "bufferutil": "^4.0.1",
        "utf-8-validate": ">=5.0.2"
      },
      "peerDependenciesMeta": {
        "bufferutil": {
          "optional": true
        },
        "utf-8-validate": {
          "optional": true
        }
      }
    }
  }
}
